
Microsoft Visual Studio Solution File, Format Version 12.00
# Visual Studio 14
VisualStudioVersion = 14.0.23107.0
MinimumVisualStudioVersion = 10.0.40219.1
Project("{FAE04EC0-301F-11D3-BF4B-00C04F79EFBC}") = "AdventuresInShade", "AdventuresInShade\AdventuresInShade.csproj", "{F9D7293D-5EC3-44D6-91AC-E92112B44241}"
EndProject
Project("{FAE04EC0-301F-11D3-BF4B-00C04F79EFBC}") = "shade-server", "shade-server\shade-server.csproj", "{E2C97421-A330-43BC-BE19-7E82850FBC5F}"
EndProject
Project("{FAE04EC0-301F-11D3-BF4B-00C04F79EFBC}") = "Poly2Tri", "third-party\Poly2Tri\Poly2Tri.csproj", "{C5E5802D-6A45-4FE9-BAE7-5F0AE91D72C1}"
EndProject
Project("{FAE04EC0-301F-11D3-BF4B-00C04F79EFBC}") = "DerpDerpGridStuff", "DerpDerpGridStuff\DerpDerpGridStuff.csproj", "{6AE946F6-23D4-41BE-B4FB-77D6F803EFEB}"
EndProject
Project("{FAE04EC0-301F-11D3-BF4B-00C04F79EFBC}") = "ItzWarty.Geometry", "ItzWarty.Geometry\ItzWarty.Geometry.csproj", "{FF6E37DB-D691-4600-BE32-FF3D77EE8C5B}"
EndProject
Project("{FAE04EC0-301F-11D3-BF4B-00C04F79EFBC}") = "server", "server\server.csproj", "{0A0A01E8-B779-47F9-8FEA-85F8F0AF94B1}"
EndProject
Project("{FAE04EC0-301F-11D3-BF4B-00C04F79EFBC}") = "Navi", "Navi\Navi.csproj", "{A8750C42-B4E3-4765-B358-8274028AC802}"
EndProject
Global
	GlobalSection(SolutionConfigurationPlatforms) = preSolution
		Debug|Any CPU = Debug|Any CPU
		Debug|x86 = Debug|x86
		Release|Any CPU = Release|Any CPU
		Release|x86 = Release|x86
	EndGlobalSection
	GlobalSection(ProjectConfigurationPlatforms) = postSolution
		{F9D7293D-5EC3-44D6-91AC-E92112B44241}.Debug|Any CPU.ActiveCfg = Debug|Any CPU
		{F9D7293D-5EC3-44D6-91AC-E92112B44241}.Debug|Any CPU.Build.0 = Debug|Any CPU
		{F9D7293D-5EC3-44D6-91AC-E92112B44241}.Debug|x86.ActiveCfg = Debug|Any CPU
		{F9D7293D-5EC3-44D6-91AC-E92112B44241}.Debug|x86.Build.0 = Debug|Any CPU
		{F9D7293D-5EC3-44D6-91AC-E92112B44241}.Release|Any CPU.ActiveCfg = Release|Any CPU
		{F9D7293D-5EC3-44D6-91AC-E92112B44241}.Release|Any CPU.Build.0 = Release|Any CPU
		{F9D7293D-5EC3-44D6-91AC-E92112B44241}.Release|x86.ActiveCfg = Release|Any CPU
		{F9D7293D-5EC3-44D6-91AC-E92112B44241}.Release|x86.Build.0 = Release|Any CPU
		{E2C97421-A330-43BC-BE19-7E82850FBC5F}.Debug|Any CPU.ActiveCfg = Debug|Any CPU
		{E2C97421-A330-43BC-BE19-7E82850FBC5F}.Debug|Any CPU.Build.0 = Debug|Any CPU
		{E2C97421-A330-43BC-BE19-7E82850FBC5F}.Debug|x86.ActiveCfg = Debug|Any CPU
		{E2C97421-A330-43BC-BE19-7E82850FBC5F}.Debug|x86.Build.0 = Debug|Any CPU
		{E2C97421-A330-43BC-BE19-7E82850FBC5F}.Release|Any CPU.ActiveCfg = Release|Any CPU
		{E2C97421-A330-43BC-BE19-7E82850FBC5F}.Release|Any CPU.Build.0 = Release|Any CPU
		{E2C97421-A330-43BC-BE19-7E82850FBC5F}.Release|x86.ActiveCfg = Release|Any CPU
		{E2C97421-A330-43BC-BE19-7E82850FBC5F}.Release|x86.Build.0 = Release|Any CPU
		{C5E5802D-6A45-4FE9-BAE7-5F0AE91D72C1}.Debug|Any CPU.ActiveCfg = Debug|Any CPU
		{C5E5802D-6A45-4FE9-BAE7-5F0AE91D72C1}.Debug|Any CPU.Build.0 = Debug|Any CPU
		{C5E5802D-6A45-4FE9-BAE7-5F0AE91D72C1}.Debug|x86.ActiveCfg = Debug|x86
		{C5E5802D-6A45-4FE9-BAE7-5F0AE91D72C1}.Debug|x86.Build.0 = Debug|x86
		{C5E5802D-6A45-4FE9-BAE7-5F0AE91D72C1}.Release|Any CPU.ActiveCfg = Release|Any CPU
		{C5E5802D-6A45-4FE9-BAE7-5F0AE91D72C1}.Release|Any CPU.Build.0 = Release|Any CPU
		{C5E5802D-6A45-4FE9-BAE7-5F0AE91D72C1}.Release|x86.ActiveCfg = Release|x86
		{C5E5802D-6A45-4FE9-BAE7-5F0AE91D72C1}.Release|x86.Build.0 = Release|x86
		{6AE946F6-23D4-41BE-B4FB-77D6F803EFEB}.Debug|Any CPU.ActiveCfg = Debug|Any CPU
		{6AE946F6-23D4-41BE-B4FB-77D6F803EFEB}.Debug|Any CPU.Build.0 = Debug|Any CPU
		{6AE946F6-23D4-41BE-B4FB-77D6F803EFEB}.Debug|x86.ActiveCfg = Debug|Any CPU
		{6AE946F6-23D4-41BE-B4FB-77D6F803EFEB}.Debug|x86.Build.0 = Debug|Any CPU
		{6AE946F6-23D4-41BE-B4FB-77D6F803EFEB}.Release|Any CPU.ActiveCfg = Release|Any CPU
		{6AE946F6-23D4-41BE-B4FB-77D6F803EFEB}.Release|Any CPU.Build.0 = Release|Any CPU
		{6AE946F6-23D4-41BE-B4FB-77D6F803EFEB}.Release|x86.ActiveCfg = Release|Any CPU
		{6AE946F6-23D4-41BE-B4FB-77D6F803EFEB}.Release|x86.Build.0 = Release|Any CPU
		{FF6E37DB-D691-4600-BE32-FF3D77EE8C5B}.Debug|Any CPU.ActiveCfg = Debug|Any CPU
		{FF6E37DB-D691-4600-BE32-FF3D77EE8C5B}.Debug|Any CPU.Build.0 = Debug|Any CPU
		{FF6E37DB-D691-4600-BE32-FF3D77EE8C5B}.Debug|x86.ActiveCfg = Debug|Any CPU
		{FF6E37DB-D691-4600-BE32-FF3D77EE8C5B}.Debug|x86.Build.0 = Debug|Any CPU
		{FF6E37DB-D691-4600-BE32-FF3D77EE8C5B}.Release|Any CPU.ActiveCfg = Release|Any CPU
		{FF6E37DB-D691-4600-BE32-FF3D77EE8C5B}.Release|Any CPU.Build.0 = Release|Any CPU
		{FF6E37DB-D691-4600-BE32-FF3D77EE8C5B}.Release|x86.ActiveCfg = Release|Any CPU
		{FF6E37DB-D691-4600-BE32-FF3D77EE8C5B}.Release|x86.Build.0 = Release|Any CPU
		{0A0A01E8-B779-47F9-8FEA-85F8F0AF94B1}.Debug|Any CPU.ActiveCfg = Debug|Any CPU
		{0A0A01E8-B779-47F9-8FEA-85F8F0AF94B1}.Debug|Any CPU.Build.0 = Debug|Any CPU
		{0A0A01E8-B779-47F9-8FEA-85F8F0AF94B1}.Debug|x86.ActiveCfg = Debug|Any CPU
		{0A0A01E8-B779-47F9-8FEA-85F8F0AF94B1}.Debug|x86.Build.0 = Debug|Any CPU
		{0A0A01E8-B779-47F9-8FEA-85F8F0AF94B1}.Release|Any CPU.ActiveCfg = Release|Any CPU
		{0A0A01E8-B779-47F9-8FEA-85F8F0AF94B1}.Release|Any CPU.Build.0 = Release|Any CPU
		{0A0A01E8-B779-47F9-8FEA-85F8F0AF94B1}.Release|x86.ActiveCfg = Release|Any CPU
		{0A0A01E8-B779-47F9-8FEA-85F8F0AF94B1}.Release|x86.Build.0 = Release|Any CPU
		{A8750C42-B4E3-4765-B358-8274028AC802}.Debug|Any CPU.ActiveCfg = Debug|Any CPU
		{A8750C42-B4E3-4765-B358-8274028AC802}.Debug|Any CPU.Build.0 = Debug|Any CPU
		{A8750C42-B4E3-4765-B358-8274028AC802}.Debug|x86.ActiveCfg = Debug|Any CPU
		{A8750C42-B4E3-4765-B358-8274028AC802}.Debug|x86.Build.0 = Debug|Any CPU
		{A8750C42-B4E3-4765-B358-8274028AC802}.Release|Any CPU.ActiveCfg = Release|Any CPU
		{A8750C42-B4E3-4765-B358-8274028AC802}.Release|Any CPU.Build.0 = Release|Any CPU
		{A8750C42-B4E3-4765-B358-8274028AC802}.Release|x86.ActiveCfg = Release|Any CPU
		{A8750C42-B4E3-4765-B358-8274028AC802}.Release|x86.Build.0 = Release|Any CPU
	EndGlobalSection
	GlobalSection(SolutionProperties) = preSolution
		HideSolutionNode = FALSE
	EndGlobalSection
EndGlobal
